
Microsoft Visual Studio Solution File, Format Version 12.00
# Visual Studio Version 17
VisualStudioVersion = 17.0.31903.59
MinimumVisualStudioVersion = 10.0.40219.1
Project("{2150E333-8FDC-42A3-9474-1A3956D46DE8}") = "src", "src", "{827E0CD3-B72D-47B6-A68D-7590B98EB39B}"
EndProject
Project("{2150E333-8FDC-42A3-9474-1A3956D46DE8}") = "Host", "Host", "{981C2CF6-E5BB-602A-511C-234B538302B0}"
EndProject
Project("{2150E333-8FDC-42A3-9474-1A3956D46DE8}") = "CRM.Api.Host", "CRM.Api.Host", "{9F2E2137-A82F-1115-8591-22E65D0C4D57}"
EndProject
Project("{FAE04EC0-301F-11D3-BF4B-00C04F79EFBC}") = "CRM.Api.Host", "src\Host\CRM.Api.Host\CRM.Api.Host\CRM.Api.Host.csproj", "{890308FF-ACA4-4A5B-B69D-B71FF56B4108}"
EndProject
Project("{2150E333-8FDC-42A3-9474-1A3956D46DE8}") = "Modules", "Modules", "{EC447DCF-ABFA-6E24-52A5-D7FD48A5C558}"
EndProject
Project("{2150E333-8FDC-42A3-9474-1A3956D46DE8}") = "Billing", "Billing", "{61DCC6D7-ECE4-129F-6A42-39B2DD414C68}"
EndProject
Project("{FAE04EC0-301F-11D3-BF4B-00C04F79EFBC}") = "CRM.Billing.Api", "src\Modules\Billing\CRM.Billing.Api\CRM.Billing.Api.csproj", "{5BD8E11D-1BA1-4B53-92B7-7251630DD41E}"
EndProject
Project("{2150E333-8FDC-42A3-9474-1A3956D46DE8}") = "Shared", "Shared", "{C8E42992-5E42-0C2B-DBFE-AA848D06431C}"
EndProject
Project("{FAE04EC0-301F-11D3-BF4B-00C04F79EFBC}") = "CRM.Shared.Infrastructure", "src\Shared\CRM.Shared.Infrastructure\CRM.Shared.Infrastructure.csproj", "{87D412F6-EC63-40CB-BBE9-762F34E22776}"
EndProject
Project("{FAE04EC0-301F-11D3-BF4B-00C04F79EFBC}") = "CRM.Shared.Abstractions", "src\Shared\CRM.Shared.Abstractions\CRM.Shared.Abstractions.csproj", "{5AA8C451-7162-4DB8-811D-B65F010EDC18}"
EndProject
Project("{FAE04EC0-301F-11D3-BF4B-00C04F79EFBC}") = "CRM.Billing.Application", "src\Modules\Billing\CRM.Billing.Application\CRM.Billing.Application.csproj", "{6819EE97-1B92-4CD2-9B28-A88DBEB25914}"
EndProject
Project("{FAE04EC0-301F-11D3-BF4B-00C04F79EFBC}") = "CRM.Billing.Domain", "src\Modules\Billing\CRM.Billing.Domain\CRM.Billing.Domain.csproj", "{F0C86242-1A1A-4039-BBAF-4821C2ADDE68}"
EndProject
Project("{FAE04EC0-301F-11D3-BF4B-00C04F79EFBC}") = "CRM.Billing.Infrastructure", "src\Modules\Billing\CRM.Billing.Infrastructure\CRM.Billing.Infrastructure.csproj", "{72ED977A-FF87-4DD5-9444-FCEAF0BDDF5E}"
EndProject
Project("{2150E333-8FDC-42A3-9474-1A3956D46DE8}") = "Customers", "Customers", "{7AD5252A-36DB-2D73-68F8-483A9FC97FCA}"
EndProject
Project("{FAE04EC0-301F-11D3-BF4B-00C04F79EFBC}") = "CRM.Customers.Infrastructure", "src\Modules\Customers\CRM.Customers.Infrastructure\CRM.Customers.Infrastructure.csproj", "{6DA8DA50-316F-47DA-AF85-3A54415BC5A2}"
EndProject
Project("{FAE04EC0-301F-11D3-BF4B-00C04F79EFBC}") = "CRM.Customers.Domain", "src\Modules\Customers\CRM.Customers.Domain\CRM.Customers.Domain.csproj", "{78425134-0A11-4E0E-A994-FDB5FCFAE234}"
EndProject
Project("{2150E333-8FDC-42A3-9474-1A3956D46DE8}") = "HR", "HR", "{6EBCFD33-7D2C-6F0C-B60B-6B70B57F5713}"
EndProject
Project("{FAE04EC0-301F-11D3-BF4B-00C04F79EFBC}") = "CRM.HR.Infrastructure", "src\Modules\HR\CRM.HR.Infrastructure\CRM.HR.Infrastructure.csproj", "{FB731C2C-134D-4743-8678-E0BC3B648351}"
EndProject
Project("{FAE04EC0-301F-11D3-BF4B-00C04F79EFBC}") = "CRM.HR.Domain", "src\Modules\HR\CRM.HR.Domain\CRM.HR.Domain.csproj", "{2016C2C2-37B0-43B8-9D1B-DA8FB6ECCED5}"
EndProject
Project("{2150E333-8FDC-42A3-9474-1A3956D46DE8}") = "IAM", "IAM", "{F528E1F6-8C1D-A641-996D-DF841B26501A}"
EndProject
Project("{FAE04EC0-301F-11D3-BF4B-00C04F79EFBC}") = "CRM.IAM.Infrastructure", "src\Modules\IAM\CRM.IAM.Infrastructure\CRM.IAM.Infrastructure.csproj", "{12BB226C-52D9-41C0-A57B-1577CE676D4E}"
EndProject
Project("{FAE04EC0-301F-11D3-BF4B-00C04F79EFBC}") = "CRM.IAM.Domain", "src\Modules\IAM\CRM.IAM.Domain\CRM.IAM.Domain.csproj", "{94F7C20E-2017-45E5-A8D7-54D7C8F0CB56}"
EndProject
Project("{2150E333-8FDC-42A3-9474-1A3956D46DE8}") = "Inventory", "Inventory", "{18C073E0-6CB1-4693-3636-BFEE619A6192}"
EndProject
Project("{FAE04EC0-301F-11D3-BF4B-00C04F79EFBC}") = "CRM.Inventory.Infrastructure", "src\Modules\Inventory\CRM.Inventory.Infrastructure\CRM.Inventory.Infrastructure.csproj", "{F16A8B78-4A0D-45E9-835C-405EA6A1E6A9}"
EndProject
Project("{FAE04EC0-301F-11D3-BF4B-00C04F79EFBC}") = "CRM.Inventory.Domain", "src\Modules\Inventory\CRM.Inventory.Domain\CRM.Inventory.Domain.csproj", "{864CA1AE-EF69-493D-A9BB-612B11372245}"
EndProject
Project("{2150E333-8FDC-42A3-9474-1A3956D46DE8}") = "Notifications", "Notifications", "{DE9DAF8A-E684-0FD3-FFDC-40D3E3158533}"
EndProject
Project("{FAE04EC0-301F-11D3-BF4B-00C04F79EFBC}") = "CRM.Notifications.Infrastructure", "src\Modules\Notifications\CRM.Notifications.Infrastructure\CRM.Notifications.Infrastructure.csproj", "{E96765BA-2792-41F1-B155-9B0A935A17AF}"
EndProject
Project("{FAE04EC0-301F-11D3-BF4B-00C04F79EFBC}") = "CRM.Notifications.Domain", "src\Modules\Notifications\CRM.Notifications.Domain\CRM.Notifications.Domain.csproj", "{2FF53A7F-91A8-45E4-9897-3933AECB99CD}"
EndProject
Project("{2150E333-8FDC-42A3-9474-1A3956D46DE8}") = "Ordering", "Ordering", "{1652FDBE-FD70-10D2-8806-7EAA51A58284}"
EndProject
Project("{FAE04EC0-301F-11D3-BF4B-00C04F79EFBC}") = "CRM.Ordering.Infrastructure", "src\Modules\Ordering\CRM.Ordering.Infrastructure\CRM.Ordering.Infrastructure.csproj", "{C9C8AE80-0F94-4DFF-8CA9-90967A621C3D}"
EndProject
Project("{FAE04EC0-301F-11D3-BF4B-00C04F79EFBC}") = "CRM.Ordering.Domain", "src\Modules\Ordering\CRM.Ordering.Domain\CRM.Ordering.Domain.csproj", "{DB7D22D0-8F2B-4219-A4C2-270FA3BB88FC}"
EndProject
Project("{FAE04EC0-301F-11D3-BF4B-00C04F79EFBC}") = "CRM.Customers.Api", "src\Modules\Customers\CRM.Customers.Api\CRM.Customers.Api.csproj", "{615821CA-F8C3-4533-A4BE-EEEEE59D5AF6}"
EndProject
Project("{FAE04EC0-301F-11D3-BF4B-00C04F79EFBC}") = "CRM.Customers.Application", "src\Modules\Customers\CRM.Customers.Application\CRM.Customers.Application.csproj", "{E1C60C18-9090-4981-90C0-77A72B08C3FE}"
EndProject
Project("{FAE04EC0-301F-11D3-BF4B-00C04F79EFBC}") = "CRM.HR.Api", "src\Modules\HR\CRM.HR.Api\CRM.HR.Api.csproj", "{504D52A3-8331-4708-8ED9-1EA7245FF4D2}"
EndProject
Project("{FAE04EC0-301F-11D3-BF4B-00C04F79EFBC}") = "CRM.HR.Application", "src\Modules\HR\CRM.HR.Application\CRM.HR.Application.csproj", "{D4B9E6B7-4B3E-4C8F-B5EA-12EAE68991DF}"
EndProject
Project("{FAE04EC0-301F-11D3-BF4B-00C04F79EFBC}") = "CRM.IAM.Api", "src\Modules\IAM\CRM.IAM.Api\CRM.IAM.Api.csproj", "{AA562A9C-F2F7-46E8-BBBE-B9068B627794}"
EndProject
Project("{FAE04EC0-301F-11D3-BF4B-00C04F79EFBC}") = "CRM.IAM.Application", "src\Modules\IAM\CRM.IAM.Application\CRM.IAM.Application.csproj", "{8A27D942-E0FF-47E7-B111-8FD94BE8741E}"
EndProject
Project("{FAE04EC0-301F-11D3-BF4B-00C04F79EFBC}") = "CRM.Inventory.Api", "src\Modules\Inventory\CRM.Inventory.Api\CRM.Inventory.Api.csproj", "{82A26102-D3A8-43C9-8A83-DF1C13B054B7}"
EndProject
Project("{FAE04EC0-301F-11D3-BF4B-00C04F79EFBC}") = "CRM.Inventory.Application", "src\Modules\Inventory\CRM.Inventory.Application\CRM.Inventory.Application.csproj", "{1CD0BF14-DAE3-4F4F-895F-410511EAA91D}"
EndProject
Project("{FAE04EC0-301F-11D3-BF4B-00C04F79EFBC}") = "CRM.Notifications.Api", "src\Modules\Notifications\CRM.Notifications.Api\CRM.Notifications.Api.csproj", "{36A76FE1-9FFD-44B3-B267-B0C48C23BB30}"
EndProject
Project("{FAE04EC0-301F-11D3-BF4B-00C04F79EFBC}") = "CRM.Notifications.Application", "src\Modules\Notifications\CRM.Notifications.Application\CRM.Notifications.Application.csproj", "{B26E50E0-461B-4A36-8BE7-4AE66EDC7645}"
EndProject
Project("{FAE04EC0-301F-11D3-BF4B-00C04F79EFBC}") = "CRM.Ordering.Api", "src\Modules\Ordering\CRM.Ordering.Api\CRM.Ordering.Api.csproj", "{A5F0E5BC-4EEC-4880-B8F1-ABAF81C6743D}"
EndProject
Project("{FAE04EC0-301F-11D3-BF4B-00C04F79EFBC}") = "CRM.Ordering.Application", "src\Modules\Ordering\CRM.Ordering.Application\CRM.Ordering.Application.csproj", "{AA62F3F5-7B6C-4312-A41B-141F500C1ABE}"
EndProject
Project("{2150E333-8FDC-42A3-9474-1A3956D46DE8}") = "tests", "tests", "{0AB3BF05-4346-4AA6-1389-037BE0695223}"
EndProject
Project("{2150E333-8FDC-42A3-9474-1A3956D46DE8}") = "Shared", "Shared", "{D0D6B8B0-AC35-B3FA-0B96-A9B0E4A3253E}"
EndProject
Project("{FAE04EC0-301F-11D3-BF4B-00C04F79EFBC}") = "CRM.Shared.UnitTests", "tests\Shared\CRM.Shared.UnitTests\CRM.Shared.UnitTests.csproj", "{B6E89F7E-D3DB-415C-A3BA-BDEA4F366FB6}"
EndProject
Project("{2150E333-8FDC-42A3-9474-1A3956D46DE8}") = "Modules", "Modules", "{D7DC9B74-6BC4-2470-2038-1E57C2DCB73B}"
EndProject
Project("{2150E333-8FDC-42A3-9474-1A3956D46DE8}") = "Billing", "Billing", "{88C6DF84-471F-118A-D8FC-7543AE312C02}"
EndProject
Project("{FAE04EC0-301F-11D3-BF4B-00C04F79EFBC}") = "CRM.Billing.UnitTests", "tests\Modules\Billing\CRM.Billing.UnitTests\CRM.Billing.UnitTests.csproj", "{E83CAE2B-23AF-41A7-ABF6-C4EE642CF6BE}"
EndProject
Project("{2150E333-8FDC-42A3-9474-1A3956D46DE8}") = "Customers", "Customers", "{011F98F4-3B4C-2F5A-C92C-5B58F677EEFC}"
EndProject
Project("{FAE04EC0-301F-11D3-BF4B-00C04F79EFBC}") = "CRM.Customers.UnitTests", "tests\Modules\Customers\CRM.Customers.UnitTests\CRM.Customers.UnitTests.csproj", "{B0BC66B2-AC49-4FA2-A007-F112481C85D5}"
EndProject
Project("{2150E333-8FDC-42A3-9474-1A3956D46DE8}") = "Ordering", "Ordering", "{221BA9E6-B222-0582-197F-110C817244D3}"
EndProject
Project("{FAE04EC0-301F-11D3-BF4B-00C04F79EFBC}") = "CRM.Ordering.UnitTests", "tests\Modules\Ordering\CRM.Ordering.UnitTests\CRM.Ordering.UnitTests.csproj", "{839337B3-4D89-4236-A86C-9C0F2E11DCF2}"
EndProject
Project("{2150E333-8FDC-42A3-9474-1A3956D46DE8}") = "HR", "HR", "{3E83B93F-C48B-4070-5E3B-A7D060BEE449}"
EndProject
Project("{FAE04EC0-301F-11D3-BF4B-00C04F79EFBC}") = "CRM.HR.UnitTests", "tests\Modules\HR\CRM.HR.UnitTests\CRM.HR.UnitTests.csproj", "{2B58EA4F-9653-44E2-8BA6-950A507D579B}"
EndProject
Project("{2150E333-8FDC-42A3-9474-1A3956D46DE8}") = "IAM", "IAM", "{C0D4D40C-8FC8-FEE5-6D9F-E4E55EFD633E}"
EndProject
Project("{FAE04EC0-301F-11D3-BF4B-00C04F79EFBC}") = "CRM.IAM.UnitTests", "tests\Modules\IAM\CRM.IAM.UnitTests\CRM.IAM.UnitTests.csproj", "{A8EE4A24-456C-4922-8C28-30E1EFFBF924}"
EndProject
Project("{2150E333-8FDC-42A3-9474-1A3956D46DE8}") = "Inventory", "Inventory", "{9B664C3C-0C46-8BCE-F820-11B84049BC29}"
EndProject
Project("{FAE04EC0-301F-11D3-BF4B-00C04F79EFBC}") = "CRM.Inventory.UnitTests", "tests\Modules\Inventory\CRM.Inventory.UnitTests\CRM.Inventory.UnitTests.csproj", "{911C3807-55BC-4C37-92FF-BDB54184E38D}"
EndProject
Project("{2150E333-8FDC-42A3-9474-1A3956D46DE8}") = "Notifications", "Notifications", "{5CAD844B-E449-970A-E9D0-133982AEC280}"
EndProject
Project("{FAE04EC0-301F-11D3-BF4B-00C04F79EFBC}") = "CRM.Notifications.UnitTests", "tests\Modules\Notifications\CRM.Notifications.UnitTests\CRM.Notifications.UnitTests.csproj", "{7E7EC945-6DA3-4258-BE4E-B2BEA0BBC9EA}"
EndProject
Project("{FAE04EC0-301F-11D3-BF4B-00C04F79EFBC}") = "CRM.TestHelpers", "tests\Shared\CRM.TestHelpers\CRM.TestHelpers.csproj", "{2E3A604C-D20E-4496-B271-6747B40B7A92}"
EndProject
Global
	GlobalSection(SolutionConfigurationPlatforms) = preSolution
		Debug|Any CPU = Debug|Any CPU
		Debug|x64 = Debug|x64
		Debug|x86 = Debug|x86
		Release|Any CPU = Release|Any CPU
		Release|x64 = Release|x64
		Release|x86 = Release|x86
	EndGlobalSection
	GlobalSection(ProjectConfigurationPlatforms) = postSolution
		{890308FF-ACA4-4A5B-B69D-B71FF56B4108}.Debug|Any CPU.ActiveCfg = Debug|Any CPU
		{890308FF-ACA4-4A5B-B69D-B71FF56B4108}.Debug|Any CPU.Build.0 = Debug|Any CPU
		{890308FF-ACA4-4A5B-B69D-B71FF56B4108}.Debug|x64.ActiveCfg = Debug|Any CPU
		{890308FF-ACA4-4A5B-B69D-B71FF56B4108}.Debug|x64.Build.0 = Debug|Any CPU
		{890308FF-ACA4-4A5B-B69D-B71FF56B4108}.Debug|x86.ActiveCfg = Debug|Any CPU
		{890308FF-ACA4-4A5B-B69D-B71FF56B4108}.Debug|x86.Build.0 = Debug|Any CPU
		{890308FF-ACA4-4A5B-B69D-B71FF56B4108}.Release|Any CPU.ActiveCfg = Release|Any CPU
		{890308FF-ACA4-4A5B-B69D-B71FF56B4108}.Release|Any CPU.Build.0 = Release|Any CPU
		{890308FF-ACA4-4A5B-B69D-B71FF56B4108}.Release|x64.ActiveCfg = Release|Any CPU
		{890308FF-ACA4-4A5B-B69D-B71FF56B4108}.Release|x64.Build.0 = Release|Any CPU
		{890308FF-ACA4-4A5B-B69D-B71FF56B4108}.Release|x86.ActiveCfg = Release|Any CPU
		{890308FF-ACA4-4A5B-B69D-B71FF56B4108}.Release|x86.Build.0 = Release|Any CPU
		{5BD8E11D-1BA1-4B53-92B7-7251630DD41E}.Debug|Any CPU.ActiveCfg = Debug|Any CPU
		{5BD8E11D-1BA1-4B53-92B7-7251630DD41E}.Debug|Any CPU.Build.0 = Debug|Any CPU
		{5BD8E11D-1BA1-4B53-92B7-7251630DD41E}.Debug|x64.ActiveCfg = Debug|Any CPU
		{5BD8E11D-1BA1-4B53-92B7-7251630DD41E}.Debug|x64.Build.0 = Debug|Any CPU
		{5BD8E11D-1BA1-4B53-92B7-7251630DD41E}.Debug|x86.ActiveCfg = Debug|Any CPU
		{5BD8E11D-1BA1-4B53-92B7-7251630DD41E}.Debug|x86.Build.0 = Debug|Any CPU
		{5BD8E11D-1BA1-4B53-92B7-7251630DD41E}.Release|Any CPU.ActiveCfg = Release|Any CPU
		{5BD8E11D-1BA1-4B53-92B7-7251630DD41E}.Release|Any CPU.Build.0 = Release|Any CPU
		{5BD8E11D-1BA1-4B53-92B7-7251630DD41E}.Release|x64.ActiveCfg = Release|Any CPU
		{5BD8E11D-1BA1-4B53-92B7-7251630DD41E}.Release|x64.Build.0 = Release|Any CPU
		{5BD8E11D-1BA1-4B53-92B7-7251630DD41E}.Release|x86.ActiveCfg = Release|Any CPU
		{5BD8E11D-1BA1-4B53-92B7-7251630DD41E}.Release|x86.Build.0 = Release|Any CPU
		{87D412F6-EC63-40CB-BBE9-762F34E22776}.Debug|Any CPU.ActiveCfg = Debug|Any CPU
		{87D412F6-EC63-40CB-BBE9-762F34E22776}.Debug|Any CPU.Build.0 = Debug|Any CPU
		{87D412F6-EC63-40CB-BBE9-762F34E22776}.Debug|x64.ActiveCfg = Debug|Any CPU
		{87D412F6-EC63-40CB-BBE9-762F34E22776}.Debug|x64.Build.0 = Debug|Any CPU
		{87D412F6-EC63-40CB-BBE9-762F34E22776}.Debug|x86.ActiveCfg = Debug|Any CPU
		{87D412F6-EC63-40CB-BBE9-762F34E22776}.Debug|x86.Build.0 = Debug|Any CPU
		{87D412F6-EC63-40CB-BBE9-762F34E22776}.Release|Any CPU.ActiveCfg = Release|Any CPU
		{87D412F6-EC63-40CB-BBE9-762F34E22776}.Release|Any CPU.Build.0 = Release|Any CPU
		{87D412F6-EC63-40CB-BBE9-762F34E22776}.Release|x64.ActiveCfg = Release|Any CPU
		{87D412F6-EC63-40CB-BBE9-762F34E22776}.Release|x64.Build.0 = Release|Any CPU
		{87D412F6-EC63-40CB-BBE9-762F34E22776}.Release|x86.ActiveCfg = Release|Any CPU
		{87D412F6-EC63-40CB-BBE9-762F34E22776}.Release|x86.Build.0 = Release|Any CPU
		{5AA8C451-7162-4DB8-811D-B65F010EDC18}.Debug|Any CPU.ActiveCfg = Debug|Any CPU
		{5AA8C451-7162-4DB8-811D-B65F010EDC18}.Debug|Any CPU.Build.0 = Debug|Any CPU
		{5AA8C451-7162-4DB8-811D-B65F010EDC18}.Debug|x64.ActiveCfg = Debug|Any CPU
		{5AA8C451-7162-4DB8-811D-B65F010EDC18}.Debug|x64.Build.0 = Debug|Any CPU
		{5AA8C451-7162-4DB8-811D-B65F010EDC18}.Debug|x86.ActiveCfg = Debug|Any CPU
		{5AA8C451-7162-4DB8-811D-B65F010EDC18}.Debug|x86.Build.0 = Debug|Any CPU
		{5AA8C451-7162-4DB8-811D-B65F010EDC18}.Release|Any CPU.ActiveCfg = Release|Any CPU
		{5AA8C451-7162-4DB8-811D-B65F010EDC18}.Release|Any CPU.Build.0 = Release|Any CPU
		{5AA8C451-7162-4DB8-811D-B65F010EDC18}.Release|x64.ActiveCfg = Release|Any CPU
		{5AA8C451-7162-4DB8-811D-B65F010EDC18}.Release|x64.Build.0 = Release|Any CPU
		{5AA8C451-7162-4DB8-811D-B65F010EDC18}.Release|x86.ActiveCfg = Release|Any CPU
		{5AA8C451-7162-4DB8-811D-B65F010EDC18}.Release|x86.Build.0 = Release|Any CPU
		{6819EE97-1B92-4CD2-9B28-A88DBEB25914}.Debug|Any CPU.ActiveCfg = Debug|Any CPU
		{6819EE97-1B92-4CD2-9B28-A88DBEB25914}.Debug|Any CPU.Build.0 = Debug|Any CPU
		{6819EE97-1B92-4CD2-9B28-A88DBEB25914}.Debug|x64.ActiveCfg = Debug|Any CPU
		{6819EE97-1B92-4CD2-9B28-A88DBEB25914}.Debug|x64.Build.0 = Debug|Any CPU
		{6819EE97-1B92-4CD2-9B28-A88DBEB25914}.Debug|x86.ActiveCfg = Debug|Any CPU
		{6819EE97-1B92-4CD2-9B28-A88DBEB25914}.Debug|x86.Build.0 = Debug|Any CPU
		{6819EE97-1B92-4CD2-9B28-A88DBEB25914}.Release|Any CPU.ActiveCfg = Release|Any CPU
		{6819EE97-1B92-4CD2-9B28-A88DBEB25914}.Release|Any CPU.Build.0 = Release|Any CPU
		{6819EE97-1B92-4CD2-9B28-A88DBEB25914}.Release|x64.ActiveCfg = Release|Any CPU
		{6819EE97-1B92-4CD2-9B28-A88DBEB25914}.Release|x64.Build.0 = Release|Any CPU
		{6819EE97-1B92-4CD2-9B28-A88DBEB25914}.Release|x86.ActiveCfg = Release|Any CPU
		{6819EE97-1B92-4CD2-9B28-A88DBEB25914}.Release|x86.Build.0 = Release|Any CPU
		{F0C86242-1A1A-4039-BBAF-4821C2ADDE68}.Debug|Any CPU.ActiveCfg = Debug|Any CPU
		{F0C86242-1A1A-4039-BBAF-4821C2ADDE68}.Debug|Any CPU.Build.0 = Debug|Any CPU
		{F0C86242-1A1A-4039-BBAF-4821C2ADDE68}.Debug|x64.ActiveCfg = Debug|Any CPU
		{F0C86242-1A1A-4039-BBAF-4821C2ADDE68}.Debug|x64.Build.0 = Debug|Any CPU
		{F0C86242-1A1A-4039-BBAF-4821C2ADDE68}.Debug|x86.ActiveCfg = Debug|Any CPU
		{F0C86242-1A1A-4039-BBAF-4821C2ADDE68}.Debug|x86.Build.0 = Debug|Any CPU
		{F0C86242-1A1A-4039-BBAF-4821C2ADDE68}.Release|Any CPU.ActiveCfg = Release|Any CPU
		{F0C86242-1A1A-4039-BBAF-4821C2ADDE68}.Release|Any CPU.Build.0 = Release|Any CPU
		{F0C86242-1A1A-4039-BBAF-4821C2ADDE68}.Release|x64.ActiveCfg = Release|Any CPU
		{F0C86242-1A1A-4039-BBAF-4821C2ADDE68}.Release|x64.Build.0 = Release|Any CPU
		{F0C86242-1A1A-4039-BBAF-4821C2ADDE68}.Release|x86.ActiveCfg = Release|Any CPU
		{F0C86242-1A1A-4039-BBAF-4821C2ADDE68}.Release|x86.Build.0 = Release|Any CPU
		{72ED977A-FF87-4DD5-9444-FCEAF0BDDF5E}.Debug|Any CPU.ActiveCfg = Debug|Any CPU
		{72ED977A-FF87-4DD5-9444-FCEAF0BDDF5E}.Debug|Any CPU.Build.0 = Debug|Any CPU
		{72ED977A-FF87-4DD5-9444-FCEAF0BDDF5E}.Debug|x64.ActiveCfg = Debug|Any CPU
		{72ED977A-FF87-4DD5-9444-FCEAF0BDDF5E}.Debug|x64.Build.0 = Debug|Any CPU
		{72ED977A-FF87-4DD5-9444-FCEAF0BDDF5E}.Debug|x86.ActiveCfg = Debug|Any CPU
		{72ED977A-FF87-4DD5-9444-FCEAF0BDDF5E}.Debug|x86.Build.0 = Debug|Any CPU
		{72ED977A-FF87-4DD5-9444-FCEAF0BDDF5E}.Release|Any CPU.ActiveCfg = Release|Any CPU
		{72ED977A-FF87-4DD5-9444-FCEAF0BDDF5E}.Release|Any CPU.Build.0 = Release|Any CPU
		{72ED977A-FF87-4DD5-9444-FCEAF0BDDF5E}.Release|x64.ActiveCfg = Release|Any CPU
		{72ED977A-FF87-4DD5-9444-FCEAF0BDDF5E}.Release|x64.Build.0 = Release|Any CPU
		{72ED977A-FF87-4DD5-9444-FCEAF0BDDF5E}.Release|x86.ActiveCfg = Release|Any CPU
		{72ED977A-FF87-4DD5-9444-FCEAF0BDDF5E}.Release|x86.Build.0 = Release|Any CPU
		{6DA8DA50-316F-47DA-AF85-3A54415BC5A2}.Debug|Any CPU.ActiveCfg = Debug|Any CPU
		{6DA8DA50-316F-47DA-AF85-3A54415BC5A2}.Debug|Any CPU.Build.0 = Debug|Any CPU
		{6DA8DA50-316F-47DA-AF85-3A54415BC5A2}.Debug|x64.ActiveCfg = Debug|Any CPU
		{6DA8DA50-316F-47DA-AF85-3A54415BC5A2}.Debug|x64.Build.0 = Debug|Any CPU
		{6DA8DA50-316F-47DA-AF85-3A54415BC5A2}.Debug|x86.ActiveCfg = Debug|Any CPU
		{6DA8DA50-316F-47DA-AF85-3A54415BC5A2}.Debug|x86.Build.0 = Debug|Any CPU
		{6DA8DA50-316F-47DA-AF85-3A54415BC5A2}.Release|Any CPU.ActiveCfg = Release|Any CPU
		{6DA8DA50-316F-47DA-AF85-3A54415BC5A2}.Release|Any CPU.Build.0 = Release|Any CPU
		{6DA8DA50-316F-47DA-AF85-3A54415BC5A2}.Release|x64.ActiveCfg = Release|Any CPU
		{6DA8DA50-316F-47DA-AF85-3A54415BC5A2}.Release|x64.Build.0 = Release|Any CPU
		{6DA8DA50-316F-47DA-AF85-3A54415BC5A2}.Release|x86.ActiveCfg = Release|Any CPU
		{6DA8DA50-316F-47DA-AF85-3A54415BC5A2}.Release|x86.Build.0 = Release|Any CPU
		{78425134-0A11-4E0E-A994-FDB5FCFAE234}.Debug|Any CPU.ActiveCfg = Debug|Any CPU
		{78425134-0A11-4E0E-A994-FDB5FCFAE234}.Debug|Any CPU.Build.0 = Debug|Any CPU
		{78425134-0A11-4E0E-A994-FDB5FCFAE234}.Debug|x64.ActiveCfg = Debug|Any CPU
		{78425134-0A11-4E0E-A994-FDB5FCFAE234}.Debug|x64.Build.0 = Debug|Any CPU
		{78425134-0A11-4E0E-A994-FDB5FCFAE234}.Debug|x86.ActiveCfg = Debug|Any CPU
		{78425134-0A11-4E0E-A994-FDB5FCFAE234}.Debug|x86.Build.0 = Debug|Any CPU
		{78425134-0A11-4E0E-A994-FDB5FCFAE234}.Release|Any CPU.ActiveCfg = Release|Any CPU
		{78425134-0A11-4E0E-A994-FDB5FCFAE234}.Release|Any CPU.Build.0 = Release|Any CPU
		{78425134-0A11-4E0E-A994-FDB5FCFAE234}.Release|x64.ActiveCfg = Release|Any CPU
		{78425134-0A11-4E0E-A994-FDB5FCFAE234}.Release|x64.Build.0 = Release|Any CPU
		{78425134-0A11-4E0E-A994-FDB5FCFAE234}.Release|x86.ActiveCfg = Release|Any CPU
		{78425134-0A11-4E0E-A994-FDB5FCFAE234}.Release|x86.Build.0 = Release|Any CPU
		{FB731C2C-134D-4743-8678-E0BC3B648351}.Debug|Any CPU.ActiveCfg = Debug|Any CPU
		{FB731C2C-134D-4743-8678-E0BC3B648351}.Debug|Any CPU.Build.0 = Debug|Any CPU
		{FB731C2C-134D-4743-8678-E0BC3B648351}.Debug|x64.ActiveCfg = Debug|Any CPU
		{FB731C2C-134D-4743-8678-E0BC3B648351}.Debug|x64.Build.0 = Debug|Any CPU
		{FB731C2C-134D-4743-8678-E0BC3B648351}.Debug|x86.ActiveCfg = Debug|Any CPU
		{FB731C2C-134D-4743-8678-E0BC3B648351}.Debug|x86.Build.0 = Debug|Any CPU
		{FB731C2C-134D-4743-8678-E0BC3B648351}.Release|Any CPU.ActiveCfg = Release|Any CPU
		{FB731C2C-134D-4743-8678-E0BC3B648351}.Release|Any CPU.Build.0 = Release|Any CPU
		{FB731C2C-134D-4743-8678-E0BC3B648351}.Release|x64.ActiveCfg = Release|Any CPU
		{FB731C2C-134D-4743-8678-E0BC3B648351}.Release|x64.Build.0 = Release|Any CPU
		{FB731C2C-134D-4743-8678-E0BC3B648351}.Release|x86.ActiveCfg = Release|Any CPU
		{FB731C2C-134D-4743-8678-E0BC3B648351}.Release|x86.Build.0 = Release|Any CPU
		{2016C2C2-37B0-43B8-9D1B-DA8FB6ECCED5}.Debug|Any CPU.ActiveCfg = Debug|Any CPU
		{2016C2C2-37B0-43B8-9D1B-DA8FB6ECCED5}.Debug|Any CPU.Build.0 = Debug|Any CPU
		{2016C2C2-37B0-43B8-9D1B-DA8FB6ECCED5}.Debug|x64.ActiveCfg = Debug|Any CPU
		{2016C2C2-37B0-43B8-9D1B-DA8FB6ECCED5}.Debug|x64.Build.0 = Debug|Any CPU
		{2016C2C2-37B0-43B8-9D1B-DA8FB6ECCED5}.Debug|x86.ActiveCfg = Debug|Any CPU
		{2016C2C2-37B0-43B8-9D1B-DA8FB6ECCED5}.Debug|x86.Build.0 = Debug|Any CPU
		{2016C2C2-37B0-43B8-9D1B-DA8FB6ECCED5}.Release|Any CPU.ActiveCfg = Release|Any CPU
		{2016C2C2-37B0-43B8-9D1B-DA8FB6ECCED5}.Release|Any CPU.Build.0 = Release|Any CPU
		{2016C2C2-37B0-43B8-9D1B-DA8FB6ECCED5}.Release|x64.ActiveCfg = Release|Any CPU
		{2016C2C2-37B0-43B8-9D1B-DA8FB6ECCED5}.Release|x64.Build.0 = Release|Any CPU
		{2016C2C2-37B0-43B8-9D1B-DA8FB6ECCED5}.Release|x86.ActiveCfg = Release|Any CPU
		{2016C2C2-37B0-43B8-9D1B-DA8FB6ECCED5}.Release|x86.Build.0 = Release|Any CPU
		{12BB226C-52D9-41C0-A57B-1577CE676D4E}.Debug|Any CPU.ActiveCfg = Debug|Any CPU
		{12BB226C-52D9-41C0-A57B-1577CE676D4E}.Debug|Any CPU.Build.0 = Debug|Any CPU
		{12BB226C-52D9-41C0-A57B-1577CE676D4E}.Debug|x64.ActiveCfg = Debug|Any CPU
		{12BB226C-52D9-41C0-A57B-1577CE676D4E}.Debug|x64.Build.0 = Debug|Any CPU
		{12BB226C-52D9-41C0-A57B-1577CE676D4E}.Debug|x86.ActiveCfg = Debug|Any CPU
		{12BB226C-52D9-41C0-A57B-1577CE676D4E}.Debug|x86.Build.0 = Debug|Any CPU
		{12BB226C-52D9-41C0-A57B-1577CE676D4E}.Release|Any CPU.ActiveCfg = Release|Any CPU
		{12BB226C-52D9-41C0-A57B-1577CE676D4E}.Release|Any CPU.Build.0 = Release|Any CPU
		{12BB226C-52D9-41C0-A57B-1577CE676D4E}.Release|x64.ActiveCfg = Release|Any CPU
		{12BB226C-52D9-41C0-A57B-1577CE676D4E}.Release|x64.Build.0 = Release|Any CPU
		{12BB226C-52D9-41C0-A57B-1577CE676D4E}.Release|x86.ActiveCfg = Release|Any CPU
		{12BB226C-52D9-41C0-A57B-1577CE676D4E}.Release|x86.Build.0 = Release|Any CPU
		{94F7C20E-2017-45E5-A8D7-54D7C8F0CB56}.Debug|Any CPU.ActiveCfg = Debug|Any CPU
		{94F7C20E-2017-45E5-A8D7-54D7C8F0CB56}.Debug|Any CPU.Build.0 = Debug|Any CPU
		{94F7C20E-2017-45E5-A8D7-54D7C8F0CB56}.Debug|x64.ActiveCfg = Debug|Any CPU
		{94F7C20E-2017-45E5-A8D7-54D7C8F0CB56}.Debug|x64.Build.0 = Debug|Any CPU
		{94F7C20E-2017-45E5-A8D7-54D7C8F0CB56}.Debug|x86.ActiveCfg = Debug|Any CPU
		{94F7C20E-2017-45E5-A8D7-54D7C8F0CB56}.Debug|x86.Build.0 = Debug|Any CPU
		{94F7C20E-2017-45E5-A8D7-54D7C8F0CB56}.Release|Any CPU.ActiveCfg = Release|Any CPU
		{94F7C20E-2017-45E5-A8D7-54D7C8F0CB56}.Release|Any CPU.Build.0 = Release|Any CPU
		{94F7C20E-2017-45E5-A8D7-54D7C8F0CB56}.Release|x64.ActiveCfg = Release|Any CPU
		{94F7C20E-2017-45E5-A8D7-54D7C8F0CB56}.Release|x64.Build.0 = Release|Any CPU
		{94F7C20E-2017-45E5-A8D7-54D7C8F0CB56}.Release|x86.ActiveCfg = Release|Any CPU
		{94F7C20E-2017-45E5-A8D7-54D7C8F0CB56}.Release|x86.Build.0 = Release|Any CPU
		{F16A8B78-4A0D-45E9-835C-405EA6A1E6A9}.Debug|Any CPU.ActiveCfg = Debug|Any CPU
		{F16A8B78-4A0D-45E9-835C-405EA6A1E6A9}.Debug|Any CPU.Build.0 = Debug|Any CPU
		{F16A8B78-4A0D-45E9-835C-405EA6A1E6A9}.Debug|x64.ActiveCfg = Debug|Any CPU
		{F16A8B78-4A0D-45E9-835C-405EA6A1E6A9}.Debug|x64.Build.0 = Debug|Any CPU
		{F16A8B78-4A0D-45E9-835C-405EA6A1E6A9}.Debug|x86.ActiveCfg = Debug|Any CPU
		{F16A8B78-4A0D-45E9-835C-405EA6A1E6A9}.Debug|x86.Build.0 = Debug|Any CPU
		{F16A8B78-4A0D-45E9-835C-405EA6A1E6A9}.Release|Any CPU.ActiveCfg = Release|Any CPU
		{F16A8B78-4A0D-45E9-835C-405EA6A1E6A9}.Release|Any CPU.Build.0 = Release|Any CPU
		{F16A8B78-4A0D-45E9-835C-405EA6A1E6A9}.Release|x64.ActiveCfg = Release|Any CPU
		{F16A8B78-4A0D-45E9-835C-405EA6A1E6A9}.Release|x64.Build.0 = Release|Any CPU
		{F16A8B78-4A0D-45E9-835C-405EA6A1E6A9}.Release|x86.ActiveCfg = Release|Any CPU
		{F16A8B78-4A0D-45E9-835C-405EA6A1E6A9}.Release|x86.Build.0 = Release|Any CPU
		{864CA1AE-EF69-493D-A9BB-612B11372245}.Debug|Any CPU.ActiveCfg = Debug|Any CPU
		{864CA1AE-EF69-493D-A9BB-612B11372245}.Debug|Any CPU.Build.0 = Debug|Any CPU
		{864CA1AE-EF69-493D-A9BB-612B11372245}.Debug|x64.ActiveCfg = Debug|Any CPU
		{864CA1AE-EF69-493D-A9BB-612B11372245}.Debug|x64.Build.0 = Debug|Any CPU
		{864CA1AE-EF69-493D-A9BB-612B11372245}.Debug|x86.ActiveCfg = Debug|Any CPU
		{864CA1AE-EF69-493D-A9BB-612B11372245}.Debug|x86.Build.0 = Debug|Any CPU
		{864CA1AE-EF69-493D-A9BB-612B11372245}.Release|Any CPU.ActiveCfg = Release|Any CPU
		{864CA1AE-EF69-493D-A9BB-612B11372245}.Release|Any CPU.Build.0 = Release|Any CPU
		{864CA1AE-EF69-493D-A9BB-612B11372245}.Release|x64.ActiveCfg = Release|Any CPU
		{864CA1AE-EF69-493D-A9BB-612B11372245}.Release|x64.Build.0 = Release|Any CPU
		{864CA1AE-EF69-493D-A9BB-612B11372245}.Release|x86.ActiveCfg = Release|Any CPU
		{864CA1AE-EF69-493D-A9BB-612B11372245}.Release|x86.Build.0 = Release|Any CPU
		{E96765BA-2792-41F1-B155-9B0A935A17AF}.Debug|Any CPU.ActiveCfg = Debug|Any CPU
		{E96765BA-2792-41F1-B155-9B0A935A17AF}.Debug|Any CPU.Build.0 = Debug|Any CPU
		{E96765BA-2792-41F1-B155-9B0A935A17AF}.Debug|x64.ActiveCfg = Debug|Any CPU
		{E96765BA-2792-41F1-B155-9B0A935A17AF}.Debug|x64.Build.0 = Debug|Any CPU
		{E96765BA-2792-41F1-B155-9B0A935A17AF}.Debug|x86.ActiveCfg = Debug|Any CPU
		{E96765BA-2792-41F1-B155-9B0A935A17AF}.Debug|x86.Build.0 = Debug|Any CPU
		{E96765BA-2792-41F1-B155-9B0A935A17AF}.Release|Any CPU.ActiveCfg = Release|Any CPU
		{E96765BA-2792-41F1-B155-9B0A935A17AF}.Release|Any CPU.Build.0 = Release|Any CPU
		{E96765BA-2792-41F1-B155-9B0A935A17AF}.Release|x64.ActiveCfg = Release|Any CPU
		{E96765BA-2792-41F1-B155-9B0A935A17AF}.Release|x64.Build.0 = Release|Any CPU
		{E96765BA-2792-41F1-B155-9B0A935A17AF}.Release|x86.ActiveCfg = Release|Any CPU
		{E96765BA-2792-41F1-B155-9B0A935A17AF}.Release|x86.Build.0 = Release|Any CPU
		{2FF53A7F-91A8-45E4-9897-3933AECB99CD}.Debug|Any CPU.ActiveCfg = Debug|Any CPU
		{2FF53A7F-91A8-45E4-9897-3933AECB99CD}.Debug|Any CPU.Build.0 = Debug|Any CPU
		{2FF53A7F-91A8-45E4-9897-3933AECB99CD}.Debug|x64.ActiveCfg = Debug|Any CPU
		{2FF53A7F-91A8-45E4-9897-3933AECB99CD}.Debug|x64.Build.0 = Debug|Any CPU
		{2FF53A7F-91A8-45E4-9897-3933AECB99CD}.Debug|x86.ActiveCfg = Debug|Any CPU
		{2FF53A7F-91A8-45E4-9897-3933AECB99CD}.Debug|x86.Build.0 = Debug|Any CPU
		{2FF53A7F-91A8-45E4-9897-3933AECB99CD}.Release|Any CPU.ActiveCfg = Release|Any CPU
		{2FF53A7F-91A8-45E4-9897-3933AECB99CD}.Release|Any CPU.Build.0 = Release|Any CPU
		{2FF53A7F-91A8-45E4-9897-3933AECB99CD}.Release|x64.ActiveCfg = Release|Any CPU
		{2FF53A7F-91A8-45E4-9897-3933AECB99CD}.Release|x64.Build.0 = Release|Any CPU
		{2FF53A7F-91A8-45E4-9897-3933AECB99CD}.Release|x86.ActiveCfg = Release|Any CPU
		{2FF53A7F-91A8-45E4-9897-3933AECB99CD}.Release|x86.Build.0 = Release|Any CPU
		{C9C8AE80-0F94-4DFF-8CA9-90967A621C3D}.Debug|Any CPU.ActiveCfg = Debug|Any CPU
		{C9C8AE80-0F94-4DFF-8CA9-90967A621C3D}.Debug|Any CPU.Build.0 = Debug|Any CPU
		{C9C8AE80-0F94-4DFF-8CA9-90967A621C3D}.Debug|x64.ActiveCfg = Debug|Any CPU
		{C9C8AE80-0F94-4DFF-8CA9-90967A621C3D}.Debug|x64.Build.0 = Debug|Any CPU
		{C9C8AE80-0F94-4DFF-8CA9-90967A621C3D}.Debug|x86.ActiveCfg = Debug|Any CPU
		{C9C8AE80-0F94-4DFF-8CA9-90967A621C3D}.Debug|x86.Build.0 = Debug|Any CPU
		{C9C8AE80-0F94-4DFF-8CA9-90967A621C3D}.Release|Any CPU.ActiveCfg = Release|Any CPU
		{C9C8AE80-0F94-4DFF-8CA9-90967A621C3D}.Release|Any CPU.Build.0 = Release|Any CPU
		{C9C8AE80-0F94-4DFF-8CA9-90967A621C3D}.Release|x64.ActiveCfg = Release|Any CPU
		{C9C8AE80-0F94-4DFF-8CA9-90967A621C3D}.Release|x64.Build.0 = Release|Any CPU
		{C9C8AE80-0F94-4DFF-8CA9-90967A621C3D}.Release|x86.ActiveCfg = Release|Any CPU
		{C9C8AE80-0F94-4DFF-8CA9-90967A621C3D}.Release|x86.Build.0 = Release|Any CPU
		{DB7D22D0-8F2B-4219-A4C2-270FA3BB88FC}.Debug|Any CPU.ActiveCfg = Debug|Any CPU
		{DB7D22D0-8F2B-4219-A4C2-270FA3BB88FC}.Debug|Any CPU.Build.0 = Debug|Any CPU
		{DB7D22D0-8F2B-4219-A4C2-270FA3BB88FC}.Debug|x64.ActiveCfg = Debug|Any CPU
		{DB7D22D0-8F2B-4219-A4C2-270FA3BB88FC}.Debug|x64.Build.0 = Debug|Any CPU
		{DB7D22D0-8F2B-4219-A4C2-270FA3BB88FC}.Debug|x86.ActiveCfg = Debug|Any CPU
		{DB7D22D0-8F2B-4219-A4C2-270FA3BB88FC}.Debug|x86.Build.0 = Debug|Any CPU
		{DB7D22D0-8F2B-4219-A4C2-270FA3BB88FC}.Release|Any CPU.ActiveCfg = Release|Any CPU
		{DB7D22D0-8F2B-4219-A4C2-270FA3BB88FC}.Release|Any CPU.Build.0 = Release|Any CPU
		{DB7D22D0-8F2B-4219-A4C2-270FA3BB88FC}.Release|x64.ActiveCfg = Release|Any CPU
		{DB7D22D0-8F2B-4219-A4C2-270FA3BB88FC}.Release|x64.Build.0 = Release|Any CPU
		{DB7D22D0-8F2B-4219-A4C2-270FA3BB88FC}.Release|x86.ActiveCfg = Release|Any CPU
		{DB7D22D0-8F2B-4219-A4C2-270FA3BB88FC}.Release|x86.Build.0 = Release|Any CPU
		{615821CA-F8C3-4533-A4BE-EEEEE59D5AF6}.Debug|Any CPU.ActiveCfg = Debug|Any CPU
		{615821CA-F8C3-4533-A4BE-EEEEE59D5AF6}.Debug|Any CPU.Build.0 = Debug|Any CPU
		{615821CA-F8C3-4533-A4BE-EEEEE59D5AF6}.Debug|x64.ActiveCfg = Debug|Any CPU
		{615821CA-F8C3-4533-A4BE-EEEEE59D5AF6}.Debug|x64.Build.0 = Debug|Any CPU
		{615821CA-F8C3-4533-A4BE-EEEEE59D5AF6}.Debug|x86.ActiveCfg = Debug|Any CPU
		{615821CA-F8C3-4533-A4BE-EEEEE59D5AF6}.Debug|x86.Build.0 = Debug|Any CPU
		{615821CA-F8C3-4533-A4BE-EEEEE59D5AF6}.Release|Any CPU.ActiveCfg = Release|Any CPU
		{615821CA-F8C3-4533-A4BE-EEEEE59D5AF6}.Release|Any CPU.Build.0 = Release|Any CPU
		{615821CA-F8C3-4533-A4BE-EEEEE59D5AF6}.Release|x64.ActiveCfg = Release|Any CPU
		{615821CA-F8C3-4533-A4BE-EEEEE59D5AF6}.Release|x64.Build.0 = Release|Any CPU
		{615821CA-F8C3-4533-A4BE-EEEEE59D5AF6}.Release|x86.ActiveCfg = Release|Any CPU
		{615821CA-F8C3-4533-A4BE-EEEEE59D5AF6}.Release|x86.Build.0 = Release|Any CPU
		{E1C60C18-9090-4981-90C0-77A72B08C3FE}.Debug|Any CPU.ActiveCfg = Debug|Any CPU
		{E1C60C18-9090-4981-90C0-77A72B08C3FE}.Debug|Any CPU.Build.0 = Debug|Any CPU
		{E1C60C18-9090-4981-90C0-77A72B08C3FE}.Debug|x64.ActiveCfg = Debug|Any CPU
		{E1C60C18-9090-4981-90C0-77A72B08C3FE}.Debug|x64.Build.0 = Debug|Any CPU
		{E1C60C18-9090-4981-90C0-77A72B08C3FE}.Debug|x86.ActiveCfg = Debug|Any CPU
		{E1C60C18-9090-4981-90C0-77A72B08C3FE}.Debug|x86.Build.0 = Debug|Any CPU
		{E1C60C18-9090-4981-90C0-77A72B08C3FE}.Release|Any CPU.ActiveCfg = Release|Any CPU
		{E1C60C18-9090-4981-90C0-77A72B08C3FE}.Release|Any CPU.Build.0 = Release|Any CPU
		{E1C60C18-9090-4981-90C0-77A72B08C3FE}.Release|x64.ActiveCfg = Release|Any CPU
		{E1C60C18-9090-4981-90C0-77A72B08C3FE}.Release|x64.Build.0 = Release|Any CPU
		{E1C60C18-9090-4981-90C0-77A72B08C3FE}.Release|x86.ActiveCfg = Release|Any CPU
		{E1C60C18-9090-4981-90C0-77A72B08C3FE}.Release|x86.Build.0 = Release|Any CPU
		{504D52A3-8331-4708-8ED9-1EA7245FF4D2}.Debug|Any CPU.ActiveCfg = Debug|Any CPU
		{504D52A3-8331-4708-8ED9-1EA7245FF4D2}.Debug|Any CPU.Build.0 = Debug|Any CPU
		{504D52A3-8331-4708-8ED9-1EA7245FF4D2}.Debug|x64.ActiveCfg = Debug|Any CPU
		{504D52A3-8331-4708-8ED9-1EA7245FF4D2}.Debug|x64.Build.0 = Debug|Any CPU
		{504D52A3-8331-4708-8ED9-1EA7245FF4D2}.Debug|x86.ActiveCfg = Debug|Any CPU
		{504D52A3-8331-4708-8ED9-1EA7245FF4D2}.Debug|x86.Build.0 = Debug|Any CPU
		{504D52A3-8331-4708-8ED9-1EA7245FF4D2}.Release|Any CPU.ActiveCfg = Release|Any CPU
		{504D52A3-8331-4708-8ED9-1EA7245FF4D2}.Release|Any CPU.Build.0 = Release|Any CPU
		{504D52A3-8331-4708-8ED9-1EA7245FF4D2}.Release|x64.ActiveCfg = Release|Any CPU
		{504D52A3-8331-4708-8ED9-1EA7245FF4D2}.Release|x64.Build.0 = Release|Any CPU
		{504D52A3-8331-4708-8ED9-1EA7245FF4D2}.Release|x86.ActiveCfg = Release|Any CPU
		{504D52A3-8331-4708-8ED9-1EA7245FF4D2}.Release|x86.Build.0 = Release|Any CPU
		{D4B9E6B7-4B3E-4C8F-B5EA-12EAE68991DF}.Debug|Any CPU.ActiveCfg = Debug|Any CPU
		{D4B9E6B7-4B3E-4C8F-B5EA-12EAE68991DF}.Debug|Any CPU.Build.0 = Debug|Any CPU
		{D4B9E6B7-4B3E-4C8F-B5EA-12EAE68991DF}.Debug|x64.ActiveCfg = Debug|Any CPU
		{D4B9E6B7-4B3E-4C8F-B5EA-12EAE68991DF}.Debug|x64.Build.0 = Debug|Any CPU
		{D4B9E6B7-4B3E-4C8F-B5EA-12EAE68991DF}.Debug|x86.ActiveCfg = Debug|Any CPU
		{D4B9E6B7-4B3E-4C8F-B5EA-12EAE68991DF}.Debug|x86.Build.0 = Debug|Any CPU
		{D4B9E6B7-4B3E-4C8F-B5EA-12EAE68991DF}.Release|Any CPU.ActiveCfg = Release|Any CPU
		{D4B9E6B7-4B3E-4C8F-B5EA-12EAE68991DF}.Release|Any CPU.Build.0 = Release|Any CPU
		{D4B9E6B7-4B3E-4C8F-B5EA-12EAE68991DF}.Release|x64.ActiveCfg = Release|Any CPU
		{D4B9E6B7-4B3E-4C8F-B5EA-12EAE68991DF}.Release|x64.Build.0 = Release|Any CPU
		{D4B9E6B7-4B3E-4C8F-B5EA-12EAE68991DF}.Release|x86.ActiveCfg = Release|Any CPU
		{D4B9E6B7-4B3E-4C8F-B5EA-12EAE68991DF}.Release|x86.Build.0 = Release|Any CPU
		{AA562A9C-F2F7-46E8-BBBE-B9068B627794}.Debug|Any CPU.ActiveCfg = Debug|Any CPU
		{AA562A9C-F2F7-46E8-BBBE-B9068B627794}.Debug|Any CPU.Build.0 = Debug|Any CPU
		{AA562A9C-F2F7-46E8-BBBE-B9068B627794}.Debug|x64.ActiveCfg = Debug|Any CPU
		{AA562A9C-F2F7-46E8-BBBE-B9068B627794}.Debug|x64.Build.0 = Debug|Any CPU
		{AA562A9C-F2F7-46E8-BBBE-B9068B627794}.Debug|x86.ActiveCfg = Debug|Any CPU
		{AA562A9C-F2F7-46E8-BBBE-B9068B627794}.Debug|x86.Build.0 = Debug|Any CPU
		{AA562A9C-F2F7-46E8-BBBE-B9068B627794}.Release|Any CPU.ActiveCfg = Release|Any CPU
		{AA562A9C-F2F7-46E8-BBBE-B9068B627794}.Release|Any CPU.Build.0 = Release|Any CPU
		{AA562A9C-F2F7-46E8-BBBE-B9068B627794}.Release|x64.ActiveCfg = Release|Any CPU
		{AA562A9C-F2F7-46E8-BBBE-B9068B627794}.Release|x64.Build.0 = Release|Any CPU
		{AA562A9C-F2F7-46E8-BBBE-B9068B627794}.Release|x86.ActiveCfg = Release|Any CPU
		{AA562A9C-F2F7-46E8-BBBE-B9068B627794}.Release|x86.Build.0 = Release|Any CPU
		{8A27D942-E0FF-47E7-B111-8FD94BE8741E}.Debug|Any CPU.ActiveCfg = Debug|Any CPU
		{8A27D942-E0FF-47E7-B111-8FD94BE8741E}.Debug|Any CPU.Build.0 = Debug|Any CPU
		{8A27D942-E0FF-47E7-B111-8FD94BE8741E}.Debug|x64.ActiveCfg = Debug|Any CPU
		{8A27D942-E0FF-47E7-B111-8FD94BE8741E}.Debug|x64.Build.0 = Debug|Any CPU
		{8A27D942-E0FF-47E7-B111-8FD94BE8741E}.Debug|x86.ActiveCfg = Debug|Any CPU
		{8A27D942-E0FF-47E7-B111-8FD94BE8741E}.Debug|x86.Build.0 = Debug|Any CPU
		{8A27D942-E0FF-47E7-B111-8FD94BE8741E}.Release|Any CPU.ActiveCfg = Release|Any CPU
		{8A27D942-E0FF-47E7-B111-8FD94BE8741E}.Release|Any CPU.Build.0 = Release|Any CPU
		{8A27D942-E0FF-47E7-B111-8FD94BE8741E}.Release|x64.ActiveCfg = Release|Any CPU
		{8A27D942-E0FF-47E7-B111-8FD94BE8741E}.Release|x64.Build.0 = Release|Any CPU
		{8A27D942-E0FF-47E7-B111-8FD94BE8741E}.Release|x86.ActiveCfg = Release|Any CPU
		{8A27D942-E0FF-47E7-B111-8FD94BE8741E}.Release|x86.Build.0 = Release|Any CPU
		{82A26102-D3A8-43C9-8A83-DF1C13B054B7}.Debug|Any CPU.ActiveCfg = Debug|Any CPU
		{82A26102-D3A8-43C9-8A83-DF1C13B054B7}.Debug|Any CPU.Build.0 = Debug|Any CPU
		{82A26102-D3A8-43C9-8A83-DF1C13B054B7}.Debug|x64.ActiveCfg = Debug|Any CPU
		{82A26102-D3A8-43C9-8A83-DF1C13B054B7}.Debug|x64.Build.0 = Debug|Any CPU
		{82A26102-D3A8-43C9-8A83-DF1C13B054B7}.Debug|x86.ActiveCfg = Debug|Any CPU
		{82A26102-D3A8-43C9-8A83-DF1C13B054B7}.Debug|x86.Build.0 = Debug|Any CPU
		{82A26102-D3A8-43C9-8A83-DF1C13B054B7}.Release|Any CPU.ActiveCfg = Release|Any CPU
		{82A26102-D3A8-43C9-8A83-DF1C13B054B7}.Release|Any CPU.Build.0 = Release|Any CPU
		{82A26102-D3A8-43C9-8A83-DF1C13B054B7}.Release|x64.ActiveCfg = Release|Any CPU
		{82A26102-D3A8-43C9-8A83-DF1C13B054B7}.Release|x64.Build.0 = Release|Any CPU
		{82A26102-D3A8-43C9-8A83-DF1C13B054B7}.Release|x86.ActiveCfg = Release|Any CPU
		{82A26102-D3A8-43C9-8A83-DF1C13B054B7}.Release|x86.Build.0 = Release|Any CPU
		{1CD0BF14-DAE3-4F4F-895F-410511EAA91D}.Debug|Any CPU.ActiveCfg = Debug|Any CPU
		{1CD0BF14-DAE3-4F4F-895F-410511EAA91D}.Debug|Any CPU.Build.0 = Debug|Any CPU
		{1CD0BF14-DAE3-4F4F-895F-410511EAA91D}.Debug|x64.ActiveCfg = Debug|Any CPU
		{1CD0BF14-DAE3-4F4F-895F-410511EAA91D}.Debug|x64.Build.0 = Debug|Any CPU
		{1CD0BF14-DAE3-4F4F-895F-410511EAA91D}.Debug|x86.ActiveCfg = Debug|Any CPU
		{1CD0BF14-DAE3-4F4F-895F-410511EAA91D}.Debug|x86.Build.0 = Debug|Any CPU
		{1CD0BF14-DAE3-4F4F-895F-410511EAA91D}.Release|Any CPU.ActiveCfg = Release|Any CPU
		{1CD0BF14-DAE3-4F4F-895F-410511EAA91D}.Release|Any CPU.Build.0 = Release|Any CPU
		{1CD0BF14-DAE3-4F4F-895F-410511EAA91D}.Release|x64.ActiveCfg = Release|Any CPU
		{1CD0BF14-DAE3-4F4F-895F-410511EAA91D}.Release|x64.Build.0 = Release|Any CPU
		{1CD0BF14-DAE3-4F4F-895F-410511EAA91D}.Release|x86.ActiveCfg = Release|Any CPU
		{1CD0BF14-DAE3-4F4F-895F-410511EAA91D}.Release|x86.Build.0 = Release|Any CPU
		{36A76FE1-9FFD-44B3-B267-B0C48C23BB30}.Debug|Any CPU.ActiveCfg = Debug|Any CPU
		{36A76FE1-9FFD-44B3-B267-B0C48C23BB30}.Debug|Any CPU.Build.0 = Debug|Any CPU
		{36A76FE1-9FFD-44B3-B267-B0C48C23BB30}.Debug|x64.ActiveCfg = Debug|Any CPU
		{36A76FE1-9FFD-44B3-B267-B0C48C23BB30}.Debug|x64.Build.0 = Debug|Any CPU
		{36A76FE1-9FFD-44B3-B267-B0C48C23BB30}.Debug|x86.ActiveCfg = Debug|Any CPU
		{36A76FE1-9FFD-44B3-B267-B0C48C23BB30}.Debug|x86.Build.0 = Debug|Any CPU
		{36A76FE1-9FFD-44B3-B267-B0C48C23BB30}.Release|Any CPU.ActiveCfg = Release|Any CPU
		{36A76FE1-9FFD-44B3-B267-B0C48C23BB30}.Release|Any CPU.Build.0 = Release|Any CPU
		{36A76FE1-9FFD-44B3-B267-B0C48C23BB30}.Release|x64.ActiveCfg = Release|Any CPU
		{36A76FE1-9FFD-44B3-B267-B0C48C23BB30}.Release|x64.Build.0 = Release|Any CPU
		{36A76FE1-9FFD-44B3-B267-B0C48C23BB30}.Release|x86.ActiveCfg = Release|Any CPU
		{36A76FE1-9FFD-44B3-B267-B0C48C23BB30}.Release|x86.Build.0 = Release|Any CPU
		{B26E50E0-461B-4A36-8BE7-4AE66EDC7645}.Debug|Any CPU.ActiveCfg = Debug|Any CPU
		{B26E50E0-461B-4A36-8BE7-4AE66EDC7645}.Debug|Any CPU.Build.0 = Debug|Any CPU
		{B26E50E0-461B-4A36-8BE7-4AE66EDC7645}.Debug|x64.ActiveCfg = Debug|Any CPU
		{B26E50E0-461B-4A36-8BE7-4AE66EDC7645}.Debug|x64.Build.0 = Debug|Any CPU
		{B26E50E0-461B-4A36-8BE7-4AE66EDC7645}.Debug|x86.ActiveCfg = Debug|Any CPU
		{B26E50E0-461B-4A36-8BE7-4AE66EDC7645}.Debug|x86.Build.0 = Debug|Any CPU
		{B26E50E0-461B-4A36-8BE7-4AE66EDC7645}.Release|Any CPU.ActiveCfg = Release|Any CPU
		{B26E50E0-461B-4A36-8BE7-4AE66EDC7645}.Release|Any CPU.Build.0 = Release|Any CPU
		{B26E50E0-461B-4A36-8BE7-4AE66EDC7645}.Release|x64.ActiveCfg = Release|Any CPU
		{B26E50E0-461B-4A36-8BE7-4AE66EDC7645}.Release|x64.Build.0 = Release|Any CPU
		{B26E50E0-461B-4A36-8BE7-4AE66EDC7645}.Release|x86.ActiveCfg = Release|Any CPU
		{B26E50E0-461B-4A36-8BE7-4AE66EDC7645}.Release|x86.Build.0 = Release|Any CPU
		{A5F0E5BC-4EEC-4880-B8F1-ABAF81C6743D}.Debug|Any CPU.ActiveCfg = Debug|Any CPU
		{A5F0E5BC-4EEC-4880-B8F1-ABAF81C6743D}.Debug|Any CPU.Build.0 = Debug|Any CPU
		{A5F0E5BC-4EEC-4880-B8F1-ABAF81C6743D}.Debug|x64.ActiveCfg = Debug|Any CPU
		{A5F0E5BC-4EEC-4880-B8F1-ABAF81C6743D}.Debug|x64.Build.0 = Debug|Any CPU
		{A5F0E5BC-4EEC-4880-B8F1-ABAF81C6743D}.Debug|x86.ActiveCfg = Debug|Any CPU
		{A5F0E5BC-4EEC-4880-B8F1-ABAF81C6743D}.Debug|x86.Build.0 = Debug|Any CPU
		{A5F0E5BC-4EEC-4880-B8F1-ABAF81C6743D}.Release|Any CPU.ActiveCfg = Release|Any CPU
		{A5F0E5BC-4EEC-4880-B8F1-ABAF81C6743D}.Release|Any CPU.Build.0 = Release|Any CPU
		{A5F0E5BC-4EEC-4880-B8F1-ABAF81C6743D}.Release|x64.ActiveCfg = Release|Any CPU
		{A5F0E5BC-4EEC-4880-B8F1-ABAF81C6743D}.Release|x64.Build.0 = Release|Any CPU
		{A5F0E5BC-4EEC-4880-B8F1-ABAF81C6743D}.Release|x86.ActiveCfg = Release|Any CPU
		{A5F0E5BC-4EEC-4880-B8F1-ABAF81C6743D}.Release|x86.Build.0 = Release|Any CPU
		{AA62F3F5-7B6C-4312-A41B-141F500C1ABE}.Debug|Any CPU.ActiveCfg = Debug|Any CPU
		{AA62F3F5-7B6C-4312-A41B-141F500C1ABE}.Debug|Any CPU.Build.0 = Debug|Any CPU
		{AA62F3F5-7B6C-4312-A41B-141F500C1ABE}.Debug|x64.ActiveCfg = Debug|Any CPU
		{AA62F3F5-7B6C-4312-A41B-141F500C1ABE}.Debug|x64.Build.0 = Debug|Any CPU
		{AA62F3F5-7B6C-4312-A41B-141F500C1ABE}.Debug|x86.ActiveCfg = Debug|Any CPU
		{AA62F3F5-7B6C-4312-A41B-141F500C1ABE}.Debug|x86.Build.0 = Debug|Any CPU
		{AA62F3F5-7B6C-4312-A41B-141F500C1ABE}.Release|Any CPU.ActiveCfg = Release|Any CPU
		{AA62F3F5-7B6C-4312-A41B-141F500C1ABE}.Release|Any CPU.Build.0 = Release|Any CPU
		{AA62F3F5-7B6C-4312-A41B-141F500C1ABE}.Release|x64.ActiveCfg = Release|Any CPU
		{AA62F3F5-7B6C-4312-A41B-141F500C1ABE}.Release|x64.Build.0 = Release|Any CPU
		{AA62F3F5-7B6C-4312-A41B-141F500C1ABE}.Release|x86.ActiveCfg = Release|Any CPU
		{AA62F3F5-7B6C-4312-A41B-141F500C1ABE}.Release|x86.Build.0 = Release|Any CPU
		{B6E89F7E-D3DB-415C-A3BA-BDEA4F366FB6}.Debug|Any CPU.ActiveCfg = Debug|Any CPU
		{B6E89F7E-D3DB-415C-A3BA-BDEA4F366FB6}.Debug|Any CPU.Build.0 = Debug|Any CPU
		{B6E89F7E-D3DB-415C-A3BA-BDEA4F366FB6}.Debug|x64.ActiveCfg = Debug|Any CPU
		{B6E89F7E-D3DB-415C-A3BA-BDEA4F366FB6}.Debug|x64.Build.0 = Debug|Any CPU
		{B6E89F7E-D3DB-415C-A3BA-BDEA4F366FB6}.Debug|x86.ActiveCfg = Debug|Any CPU
		{B6E89F7E-D3DB-415C-A3BA-BDEA4F366FB6}.Debug|x86.Build.0 = Debug|Any CPU
		{B6E89F7E-D3DB-415C-A3BA-BDEA4F366FB6}.Release|Any CPU.ActiveCfg = Release|Any CPU
		{B6E89F7E-D3DB-415C-A3BA-BDEA4F366FB6}.Release|Any CPU.Build.0 = Release|Any CPU
		{B6E89F7E-D3DB-415C-A3BA-BDEA4F366FB6}.Release|x64.ActiveCfg = Release|Any CPU
		{B6E89F7E-D3DB-415C-A3BA-BDEA4F366FB6}.Release|x64.Build.0 = Release|Any CPU
		{B6E89F7E-D3DB-415C-A3BA-BDEA4F366FB6}.Release|x86.ActiveCfg = Release|Any CPU
		{B6E89F7E-D3DB-415C-A3BA-BDEA4F366FB6}.Release|x86.Build.0 = Release|Any CPU
		{E83CAE2B-23AF-41A7-ABF6-C4EE642CF6BE}.Debug|Any CPU.ActiveCfg = Debug|Any CPU
		{E83CAE2B-23AF-41A7-ABF6-C4EE642CF6BE}.Debug|Any CPU.Build.0 = Debug|Any CPU
		{E83CAE2B-23AF-41A7-ABF6-C4EE642CF6BE}.Debug|x64.ActiveCfg = Debug|Any CPU
		{E83CAE2B-23AF-41A7-ABF6-C4EE642CF6BE}.Debug|x64.Build.0 = Debug|Any CPU
		{E83CAE2B-23AF-41A7-ABF6-C4EE642CF6BE}.Debug|x86.ActiveCfg = Debug|Any CPU
		{E83CAE2B-23AF-41A7-ABF6-C4EE642CF6BE}.Debug|x86.Build.0 = Debug|Any CPU
		{E83CAE2B-23AF-41A7-ABF6-C4EE642CF6BE}.Release|Any CPU.ActiveCfg = Release|Any CPU
		{E83CAE2B-23AF-41A7-ABF6-C4EE642CF6BE}.Release|Any CPU.Build.0 = Release|Any CPU
		{E83CAE2B-23AF-41A7-ABF6-C4EE642CF6BE}.Release|x64.ActiveCfg = Release|Any CPU
		{E83CAE2B-23AF-41A7-ABF6-C4EE642CF6BE}.Release|x64.Build.0 = Release|Any CPU
		{E83CAE2B-23AF-41A7-ABF6-C4EE642CF6BE}.Release|x86.ActiveCfg = Release|Any CPU
		{E83CAE2B-23AF-41A7-ABF6-C4EE642CF6BE}.Release|x86.Build.0 = Release|Any CPU
		{B0BC66B2-AC49-4FA2-A007-F112481C85D5}.Debug|Any CPU.ActiveCfg = Debug|Any CPU
		{B0BC66B2-AC49-4FA2-A007-F112481C85D5}.Debug|Any CPU.Build.0 = Debug|Any CPU
		{B0BC66B2-AC49-4FA2-A007-F112481C85D5}.Debug|x64.ActiveCfg = Debug|Any CPU
		{B0BC66B2-AC49-4FA2-A007-F112481C85D5}.Debug|x64.Build.0 = Debug|Any CPU
		{B0BC66B2-AC49-4FA2-A007-F112481C85D5}.Debug|x86.ActiveCfg = Debug|Any CPU
		{B0BC66B2-AC49-4FA2-A007-F112481C85D5}.Debug|x86.Build.0 = Debug|Any CPU
		{B0BC66B2-AC49-4FA2-A007-F112481C85D5}.Release|Any CPU.ActiveCfg = Release|Any CPU
		{B0BC66B2-AC49-4FA2-A007-F112481C85D5}.Release|Any CPU.Build.0 = Release|Any CPU
		{B0BC66B2-AC49-4FA2-A007-F112481C85D5}.Release|x64.ActiveCfg = Release|Any CPU
		{B0BC66B2-AC49-4FA2-A007-F112481C85D5}.Release|x64.Build.0 = Release|Any CPU
		{B0BC66B2-AC49-4FA2-A007-F112481C85D5}.Release|x86.ActiveCfg = Release|Any CPU
		{B0BC66B2-AC49-4FA2-A007-F112481C85D5}.Release|x86.Build.0 = Release|Any CPU
		{839337B3-4D89-4236-A86C-9C0F2E11DCF2}.Debug|Any CPU.ActiveCfg = Debug|Any CPU
		{839337B3-4D89-4236-A86C-9C0F2E11DCF2}.Debug|Any CPU.Build.0 = Debug|Any CPU
		{839337B3-4D89-4236-A86C-9C0F2E11DCF2}.Debug|x64.ActiveCfg = Debug|Any CPU
		{839337B3-4D89-4236-A86C-9C0F2E11DCF2}.Debug|x64.Build.0 = Debug|Any CPU
		{839337B3-4D89-4236-A86C-9C0F2E11DCF2}.Debug|x86.ActiveCfg = Debug|Any CPU
		{839337B3-4D89-4236-A86C-9C0F2E11DCF2}.Debug|x86.Build.0 = Debug|Any CPU
		{839337B3-4D89-4236-A86C-9C0F2E11DCF2}.Release|Any CPU.ActiveCfg = Release|Any CPU
		{839337B3-4D89-4236-A86C-9C0F2E11DCF2}.Release|Any CPU.Build.0 = Release|Any CPU
		{839337B3-4D89-4236-A86C-9C0F2E11DCF2}.Release|x64.ActiveCfg = Release|Any CPU
		{839337B3-4D89-4236-A86C-9C0F2E11DCF2}.Release|x64.Build.0 = Release|Any CPU
		{839337B3-4D89-4236-A86C-9C0F2E11DCF2}.Release|x86.ActiveCfg = Release|Any CPU
		{839337B3-4D89-4236-A86C-9C0F2E11DCF2}.Release|x86.Build.0 = Release|Any CPU
		{2B58EA4F-9653-44E2-8BA6-950A507D579B}.Debug|Any CPU.ActiveCfg = Debug|Any CPU
		{2B58EA4F-9653-44E2-8BA6-950A507D579B}.Debug|Any CPU.Build.0 = Debug|Any CPU
		{2B58EA4F-9653-44E2-8BA6-950A507D579B}.Debug|x64.ActiveCfg = Debug|Any CPU
		{2B58EA4F-9653-44E2-8BA6-950A507D579B}.Debug|x64.Build.0 = Debug|Any CPU
		{2B58EA4F-9653-44E2-8BA6-950A507D579B}.Debug|x86.ActiveCfg = Debug|Any CPU
		{2B58EA4F-9653-44E2-8BA6-950A507D579B}.Debug|x86.Build.0 = Debug|Any CPU
		{2B58EA4F-9653-44E2-8BA6-950A507D579B}.Release|Any CPU.ActiveCfg = Release|Any CPU
		{2B58EA4F-9653-44E2-8BA6-950A507D579B}.Release|Any CPU.Build.0 = Release|Any CPU
		{2B58EA4F-9653-44E2-8BA6-950A507D579B}.Release|x64.ActiveCfg = Release|Any CPU
		{2B58EA4F-9653-44E2-8BA6-950A507D579B}.Release|x64.Build.0 = Release|Any CPU
		{2B58EA4F-9653-44E2-8BA6-950A507D579B}.Release|x86.ActiveCfg = Release|Any CPU
		{2B58EA4F-9653-44E2-8BA6-950A507D579B}.Release|x86.Build.0 = Release|Any CPU
		{A8EE4A24-456C-4922-8C28-30E1EFFBF924}.Debug|Any CPU.ActiveCfg = Debug|Any CPU
		{A8EE4A24-456C-4922-8C28-30E1EFFBF924}.Debug|Any CPU.Build.0 = Debug|Any CPU
		{A8EE4A24-456C-4922-8C28-30E1EFFBF924}.Debug|x64.ActiveCfg = Debug|Any CPU
		{A8EE4A24-456C-4922-8C28-30E1EFFBF924}.Debug|x64.Build.0 = Debug|Any CPU
		{A8EE4A24-456C-4922-8C28-30E1EFFBF924}.Debug|x86.ActiveCfg = Debug|Any CPU
		{A8EE4A24-456C-4922-8C28-30E1EFFBF924}.Debug|x86.Build.0 = Debug|Any CPU
		{A8EE4A24-456C-4922-8C28-30E1EFFBF924}.Release|Any CPU.ActiveCfg = Release|Any CPU
		{A8EE4A24-456C-4922-8C28-30E1EFFBF924}.Release|Any CPU.Build.0 = Release|Any CPU
		{A8EE4A24-456C-4922-8C28-30E1EFFBF924}.Release|x64.ActiveCfg = Release|Any CPU
		{A8EE4A24-456C-4922-8C28-30E1EFFBF924}.Release|x64.Build.0 = Release|Any CPU
		{A8EE4A24-456C-4922-8C28-30E1EFFBF924}.Release|x86.ActiveCfg = Release|Any CPU
		{A8EE4A24-456C-4922-8C28-30E1EFFBF924}.Release|x86.Build.0 = Release|Any CPU
		{911C3807-55BC-4C37-92FF-BDB54184E38D}.Debug|Any CPU.ActiveCfg = Debug|Any CPU
		{911C3807-55BC-4C37-92FF-BDB54184E38D}.Debug|Any CPU.Build.0 = Debug|Any CPU
		{911C3807-55BC-4C37-92FF-BDB54184E38D}.Debug|x64.ActiveCfg = Debug|Any CPU
		{911C3807-55BC-4C37-92FF-BDB54184E38D}.Debug|x64.Build.0 = Debug|Any CPU
		{911C3807-55BC-4C37-92FF-BDB54184E38D}.Debug|x86.ActiveCfg = Debug|Any CPU
		{911C3807-55BC-4C37-92FF-BDB54184E38D}.Debug|x86.Build.0 = Debug|Any CPU
		{911C3807-55BC-4C37-92FF-BDB54184E38D}.Release|Any CPU.ActiveCfg = Release|Any CPU
		{911C3807-55BC-4C37-92FF-BDB54184E38D}.Release|Any CPU.Build.0 = Release|Any CPU
		{911C3807-55BC-4C37-92FF-BDB54184E38D}.Release|x64.ActiveCfg = Release|Any CPU
		{911C3807-55BC-4C37-92FF-BDB54184E38D}.Release|x64.Build.0 = Release|Any CPU
		{911C3807-55BC-4C37-92FF-BDB54184E38D}.Release|x86.ActiveCfg = Release|Any CPU
		{911C3807-55BC-4C37-92FF-BDB54184E38D}.Release|x86.Build.0 = Release|Any CPU
		{7E7EC945-6DA3-4258-BE4E-B2BEA0BBC9EA}.Debug|Any CPU.ActiveCfg = Debug|Any CPU
		{7E7EC945-6DA3-4258-BE4E-B2BEA0BBC9EA}.Debug|Any CPU.Build.0 = Debug|Any CPU
		{7E7EC945-6DA3-4258-BE4E-B2BEA0BBC9EA}.Debug|x64.ActiveCfg = Debug|Any CPU
		{7E7EC945-6DA3-4258-BE4E-B2BEA0BBC9EA}.Debug|x64.Build.0 = Debug|Any CPU
		{7E7EC945-6DA3-4258-BE4E-B2BEA0BBC9EA}.Debug|x86.ActiveCfg = Debug|Any CPU
		{7E7EC945-6DA3-4258-BE4E-B2BEA0BBC9EA}.Debug|x86.Build.0 = Debug|Any CPU
		{7E7EC945-6DA3-4258-BE4E-B2BEA0BBC9EA}.Release|Any CPU.ActiveCfg = Release|Any CPU
		{7E7EC945-6DA3-4258-BE4E-B2BEA0BBC9EA}.Release|Any CPU.Build.0 = Release|Any CPU
		{7E7EC945-6DA3-4258-BE4E-B2BEA0BBC9EA}.Release|x64.ActiveCfg = Release|Any CPU
		{7E7EC945-6DA3-4258-BE4E-B2BEA0BBC9EA}.Release|x64.Build.0 = Release|Any CPU
		{7E7EC945-6DA3-4258-BE4E-B2BEA0BBC9EA}.Release|x86.ActiveCfg = Release|Any CPU
		{7E7EC945-6DA3-4258-BE4E-B2BEA0BBC9EA}.Release|x86.Build.0 = Release|Any CPU
		{2E3A604C-D20E-4496-B271-6747B40B7A92}.Debug|Any CPU.ActiveCfg = Debug|Any CPU
		{2E3A604C-D20E-4496-B271-6747B40B7A92}.Debug|Any CPU.Build.0 = Debug|Any CPU
		{2E3A604C-D20E-4496-B271-6747B40B7A92}.Debug|x64.ActiveCfg = Debug|Any CPU
		{2E3A604C-D20E-4496-B271-6747B40B7A92}.Debug|x64.Build.0 = Debug|Any CPU
		{2E3A604C-D20E-4496-B271-6747B40B7A92}.Debug|x86.ActiveCfg = Debug|Any CPU
		{2E3A604C-D20E-4496-B271-6747B40B7A92}.Debug|x86.Build.0 = Debug|Any CPU
		{2E3A604C-D20E-4496-B271-6747B40B7A92}.Release|Any CPU.ActiveCfg = Release|Any CPU
		{2E3A604C-D20E-4496-B271-6747B40B7A92}.Release|Any CPU.Build.0 = Release|Any CPU
		{2E3A604C-D20E-4496-B271-6747B40B7A92}.Release|x64.ActiveCfg = Release|Any CPU
		{2E3A604C-D20E-4496-B271-6747B40B7A92}.Release|x64.Build.0 = Release|Any CPU
		{2E3A604C-D20E-4496-B271-6747B40B7A92}.Release|x86.ActiveCfg = Release|Any CPU
		{2E3A604C-D20E-4496-B271-6747B40B7A92}.Release|x86.Build.0 = Release|Any CPU
	EndGlobalSection
	GlobalSection(SolutionProperties) = preSolution
		HideSolutionNode = FALSE
	EndGlobalSection
	GlobalSection(NestedProjects) = preSolution
		{981C2CF6-E5BB-602A-511C-234B538302B0} = {827E0CD3-B72D-47B6-A68D-7590B98EB39B}
		{9F2E2137-A82F-1115-8591-22E65D0C4D57} = {981C2CF6-E5BB-602A-511C-234B538302B0}
		{890308FF-ACA4-4A5B-B69D-B71FF56B4108} = {9F2E2137-A82F-1115-8591-22E65D0C4D57}
		{EC447DCF-ABFA-6E24-52A5-D7FD48A5C558} = {827E0CD3-B72D-47B6-A68D-7590B98EB39B}
		{61DCC6D7-ECE4-129F-6A42-39B2DD414C68} = {EC447DCF-ABFA-6E24-52A5-D7FD48A5C558}
		{5BD8E11D-1BA1-4B53-92B7-7251630DD41E} = {61DCC6D7-ECE4-129F-6A42-39B2DD414C68}
		{C8E42992-5E42-0C2B-DBFE-AA848D06431C} = {827E0CD3-B72D-47B6-A68D-7590B98EB39B}
		{87D412F6-EC63-40CB-BBE9-762F34E22776} = {C8E42992-5E42-0C2B-DBFE-AA848D06431C}
		{5AA8C451-7162-4DB8-811D-B65F010EDC18} = {C8E42992-5E42-0C2B-DBFE-AA848D06431C}
		{6819EE97-1B92-4CD2-9B28-A88DBEB25914} = {61DCC6D7-ECE4-129F-6A42-39B2DD414C68}
		{F0C86242-1A1A-4039-BBAF-4821C2ADDE68} = {61DCC6D7-ECE4-129F-6A42-39B2DD414C68}
		{72ED977A-FF87-4DD5-9444-FCEAF0BDDF5E} = {61DCC6D7-ECE4-129F-6A42-39B2DD414C68}
		{7AD5252A-36DB-2D73-68F8-483A9FC97FCA} = {EC447DCF-ABFA-6E24-52A5-D7FD48A5C558}
		{6DA8DA50-316F-47DA-AF85-3A54415BC5A2} = {7AD5252A-36DB-2D73-68F8-483A9FC97FCA}
		{78425134-0A11-4E0E-A994-FDB5FCFAE234} = {7AD5252A-36DB-2D73-68F8-483A9FC97FCA}
		{6EBCFD33-7D2C-6F0C-B60B-6B70B57F5713} = {EC447DCF-ABFA-6E24-52A5-D7FD48A5C558}
		{FB731C2C-134D-4743-8678-E0BC3B648351} = {6EBCFD33-7D2C-6F0C-B60B-6B70B57F5713}
		{2016C2C2-37B0-43B8-9D1B-DA8FB6ECCED5} = {6EBCFD33-7D2C-6F0C-B60B-6B70B57F5713}
		{F528E1F6-8C1D-A641-996D-DF841B26501A} = {EC447DCF-ABFA-6E24-52A5-D7FD48A5C558}
		{12BB226C-52D9-41C0-A57B-1577CE676D4E} = {F528E1F6-8C1D-A641-996D-DF841B26501A}
		{94F7C20E-2017-45E5-A8D7-54D7C8F0CB56} = {F528E1F6-8C1D-A641-996D-DF841B26501A}
		{18C073E0-6CB1-4693-3636-BFEE619A6192} = {EC447DCF-ABFA-6E24-52A5-D7FD48A5C558}
		{F16A8B78-4A0D-45E9-835C-405EA6A1E6A9} = {18C073E0-6CB1-4693-3636-BFEE619A6192}
		{864CA1AE-EF69-493D-A9BB-612B11372245} = {18C073E0-6CB1-4693-3636-BFEE619A6192}
		{DE9DAF8A-E684-0FD3-FFDC-40D3E3158533} = {EC447DCF-ABFA-6E24-52A5-D7FD48A5C558}
		{E96765BA-2792-41F1-B155-9B0A935A17AF} = {DE9DAF8A-E684-0FD3-FFDC-40D3E3158533}
		{2FF53A7F-91A8-45E4-9897-3933AECB99CD} = {DE9DAF8A-E684-0FD3-FFDC-40D3E3158533}
		{1652FDBE-FD70-10D2-8806-7EAA51A58284} = {EC447DCF-ABFA-6E24-52A5-D7FD48A5C558}
		{C9C8AE80-0F94-4DFF-8CA9-90967A621C3D} = {1652FDBE-FD70-10D2-8806-7EAA51A58284}
		{DB7D22D0-8F2B-4219-A4C2-270FA3BB88FC} = {1652FDBE-FD70-10D2-8806-7EAA51A58284}
		{615821CA-F8C3-4533-A4BE-EEEEE59D5AF6} = {7AD5252A-36DB-2D73-68F8-483A9FC97FCA}
		{E1C60C18-9090-4981-90C0-77A72B08C3FE} = {7AD5252A-36DB-2D73-68F8-483A9FC97FCA}
		{504D52A3-8331-4708-8ED9-1EA7245FF4D2} = {6EBCFD33-7D2C-6F0C-B60B-6B70B57F5713}
		{D4B9E6B7-4B3E-4C8F-B5EA-12EAE68991DF} = {6EBCFD33-7D2C-6F0C-B60B-6B70B57F5713}
		{AA562A9C-F2F7-46E8-BBBE-B9068B627794} = {F528E1F6-8C1D-A641-996D-DF841B26501A}
		{8A27D942-E0FF-47E7-B111-8FD94BE8741E} = {F528E1F6-8C1D-A641-996D-DF841B26501A}
		{82A26102-D3A8-43C9-8A83-DF1C13B054B7} = {18C073E0-6CB1-4693-3636-BFEE619A6192}
		{1CD0BF14-DAE3-4F4F-895F-410511EAA91D} = {18C073E0-6CB1-4693-3636-BFEE619A6192}
		{36A76FE1-9FFD-44B3-B267-B0C48C23BB30} = {DE9DAF8A-E684-0FD3-FFDC-40D3E3158533}
		{B26E50E0-461B-4A36-8BE7-4AE66EDC7645} = {DE9DAF8A-E684-0FD3-FFDC-40D3E3158533}
		{A5F0E5BC-4EEC-4880-B8F1-ABAF81C6743D} = {1652FDBE-FD70-10D2-8806-7EAA51A58284}
		{AA62F3F5-7B6C-4312-A41B-141F500C1ABE} = {1652FDBE-FD70-10D2-8806-7EAA51A58284}
		{D0D6B8B0-AC35-B3FA-0B96-A9B0E4A3253E} = {0AB3BF05-4346-4AA6-1389-037BE0695223}
		{B6E89F7E-D3DB-415C-A3BA-BDEA4F366FB6} = {D0D6B8B0-AC35-B3FA-0B96-A9B0E4A3253E}
		{D7DC9B74-6BC4-2470-2038-1E57C2DCB73B} = {0AB3BF05-4346-4AA6-1389-037BE0695223}
		{88C6DF84-471F-118A-D8FC-7543AE312C02} = {D7DC9B74-6BC4-2470-2038-1E57C2DCB73B}
		{E83CAE2B-23AF-41A7-ABF6-C4EE642CF6BE} = {88C6DF84-471F-118A-D8FC-7543AE312C02}
		{011F98F4-3B4C-2F5A-C92C-5B58F677EEFC} = {D7DC9B74-6BC4-2470-2038-1E57C2DCB73B}
		{B0BC66B2-AC49-4FA2-A007-F112481C85D5} = {011F98F4-3B4C-2F5A-C92C-5B58F677EEFC}
		{221BA9E6-B222-0582-197F-110C817244D3} = {D7DC9B74-6BC4-2470-2038-1E57C2DCB73B}
		{839337B3-4D89-4236-A86C-9C0F2E11DCF2} = {221BA9E6-B222-0582-197F-110C817244D3}
		{3E83B93F-C48B-4070-5E3B-A7D060BEE449} = {D7DC9B74-6BC4-2470-2038-1E57C2DCB73B}
		{2B58EA4F-9653-44E2-8BA6-950A507D579B} = {3E83B93F-C48B-4070-5E3B-A7D060BEE449}
		{C0D4D40C-8FC8-FEE5-6D9F-E4E55EFD633E} = {D7DC9B74-6BC4-2470-2038-1E57C2DCB73B}
		{A8EE4A24-456C-4922-8C28-30E1EFFBF924} = {C0D4D40C-8FC8-FEE5-6D9F-E4E55EFD633E}
		{9B664C3C-0C46-8BCE-F820-11B84049BC29} = {D7DC9B74-6BC4-2470-2038-1E57C2DCB73B}
		{911C3807-55BC-4C37-92FF-BDB54184E38D} = {9B664C3C-0C46-8BCE-F820-11B84049BC29}
		{5CAD844B-E449-970A-E9D0-133982AEC280} = {D7DC9B74-6BC4-2470-2038-1E57C2DCB73B}
		{7E7EC945-6DA3-4258-BE4E-B2BEA0BBC9EA} = {5CAD844B-E449-970A-E9D0-133982AEC280}
		{2E3A604C-D20E-4496-B271-6747B40B7A92} = {D0D6B8B0-AC35-B3FA-0B96-A9B0E4A3253E}
	EndGlobalSection
EndGlobal
