
Microsoft Visual Studio Solution File, Format Version 12.00
# Visual Studio Version 17
VisualStudioVersion = 17.14.36518.9
MinimumVisualStudioVersion = 10.0.40219.1
Project("{FAE04EC0-301F-11D3-BF4B-00C04F79EFBC}") = "CRM_system_backend", "CRM_system_backend.csproj", "{29347CB2-1A1F-4FD1-82B0-8A25BB63D937}"
EndProject
Project("{FAE04EC0-301F-11D3-BF4B-00C04F79EFBC}") = "CRMSystem.Core", "..\system.Core\CRMSystem.Core.csproj", "{257CD9E9-120C-426A-BFB1-C519C6874F81}"
EndProject
Project("{FAE04EC0-301F-11D3-BF4B-00C04F79EFBC}") = "CRMSystem.DataAccess", "..\system.DataAccess\CRMSystem.DataAccess.csproj", "{67693361-1368-441F-A016-C6B0C7A264AB}"
EndProject
Project("{FAE04EC0-301F-11D3-BF4B-00C04F79EFBC}") = "CRMSystem.Buisnes", "..\system.Buisnes\CRMSystem.Buisnes.csproj", "{268FA8FA-D8F7-4382-B970-781D2B56865D}"
EndProject
Global
	GlobalSection(SolutionConfigurationPlatforms) = preSolution
		Debug|Any CPU = Debug|Any CPU
		Release|Any CPU = Release|Any CPU
	EndGlobalSection
	GlobalSection(ProjectConfigurationPlatforms) = postSolution
		{29347CB2-1A1F-4FD1-82B0-8A25BB63D937}.Debug|Any CPU.ActiveCfg = Debug|Any CPU
		{29347CB2-1A1F-4FD1-82B0-8A25BB63D937}.Debug|Any CPU.Build.0 = Debug|Any CPU
		{29347CB2-1A1F-4FD1-82B0-8A25BB63D937}.Release|Any CPU.ActiveCfg = Release|Any CPU
		{29347CB2-1A1F-4FD1-82B0-8A25BB63D937}.Release|Any CPU.Build.0 = Release|Any CPU
		{257CD9E9-120C-426A-BFB1-C519C6874F81}.Debug|Any CPU.ActiveCfg = Debug|Any CPU
		{257CD9E9-120C-426A-BFB1-C519C6874F81}.Debug|Any CPU.Build.0 = Debug|Any CPU
		{257CD9E9-120C-426A-BFB1-C519C6874F81}.Release|Any CPU.ActiveCfg = Release|Any CPU
		{257CD9E9-120C-426A-BFB1-C519C6874F81}.Release|Any CPU.Build.0 = Release|Any CPU
		{67693361-1368-441F-A016-C6B0C7A264AB}.Debug|Any CPU.ActiveCfg = Debug|Any CPU
		{67693361-1368-441F-A016-C6B0C7A264AB}.Debug|Any CPU.Build.0 = Debug|Any CPU
		{67693361-1368-441F-A016-C6B0C7A264AB}.Release|Any CPU.ActiveCfg = Release|Any CPU
		{67693361-1368-441F-A016-C6B0C7A264AB}.Release|Any CPU.Build.0 = Release|Any CPU
		{268FA8FA-D8F7-4382-B970-781D2B56865D}.Debug|Any CPU.ActiveCfg = Debug|Any CPU
		{268FA8FA-D8F7-4382-B970-781D2B56865D}.Debug|Any CPU.Build.0 = Debug|Any CPU
		{268FA8FA-D8F7-4382-B970-781D2B56865D}.Release|Any CPU.ActiveCfg = Release|Any CPU
		{268FA8FA-D8F7-4382-B970-781D2B56865D}.Release|Any CPU.Build.0 = Release|Any CPU
	EndGlobalSection
	GlobalSection(SolutionProperties) = preSolution
		HideSolutionNode = FALSE
	EndGlobalSection
	GlobalSection(ExtensibilityGlobals) = postSolution
		SolutionGuid = {8524B051-B334-4C4E-AC17-497D12F25B43}
	EndGlobalSection
EndGlobal
